// !$*UTF8*$!
{
	archiveVersion = 1;
	classes = {
	};
	objectVersion = 56;
	objects = {

/* Begin PBXBuildFile section */
		5C2FAB9F29CF3E8900BCE64E /* Utilities.swift in Sources */ = {isa = PBXBuildFile; fileRef = 5C2FAB9E29CF3E8900BCE64E /* Utilities.swift */; };
		5C320A3B29CAD87900D1265C /* MainTabController.swift in Sources */ = {isa = PBXBuildFile; fileRef = 5C320A3A29CAD87900D1265C /* MainTabController.swift */; };
		5C389A2C29D866F400A9D617 /* UploadTweetController.swift in Sources */ = {isa = PBXBuildFile; fileRef = 5C389A2B29D866F400A9D617 /* UploadTweetController.swift */; };
		5C3BB55129D2C6150031EC59 /* Constants.swift in Sources */ = {isa = PBXBuildFile; fileRef = 5C3BB55029D2C6150031EC59 /* Constants.swift */; };
		5C3BB55529D302B50031EC59 /* AuthService.swift in Sources */ = {isa = PBXBuildFile; fileRef = 5C3BB55429D302B50031EC59 /* AuthService.swift */; };
		5C40759A29CAD5160095FFDB /* AppDelegate.swift in Sources */ = {isa = PBXBuildFile; fileRef = 5C40759929CAD5160095FFDB /* AppDelegate.swift */; };
		5C40759C29CAD5160095FFDB /* SceneDelegate.swift in Sources */ = {isa = PBXBuildFile; fileRef = 5C40759B29CAD5160095FFDB /* SceneDelegate.swift */; };
		5C4075A129CAD5160095FFDB /* Main.storyboard in Resources */ = {isa = PBXBuildFile; fileRef = 5C40759F29CAD5160095FFDB /* Main.storyboard */; };
		5C4075A329CAD5170095FFDB /* Assets.xcassets in Resources */ = {isa = PBXBuildFile; fileRef = 5C4075A229CAD5170095FFDB /* Assets.xcassets */; };
		5C4075A629CAD5170095FFDB /* LaunchScreen.storyboard in Resources */ = {isa = PBXBuildFile; fileRef = 5C4075A429CAD5170095FFDB /* LaunchScreen.storyboard */; };
		5C7C5A7F29DBD16F003A3E1C /* ProfileFilterCell.swift in Sources */ = {isa = PBXBuildFile; fileRef = 5C7C5A7E29DBD16F003A3E1C /* ProfileFilterCell.swift */; };
		5C7C5A8129DBF28E003A3E1C /* ProfileHeaderViewModel.swift in Sources */ = {isa = PBXBuildFile; fileRef = 5C7C5A8029DBF28E003A3E1C /* ProfileHeaderViewModel.swift */; };
		5C83251029DA85EC00A69E0A /* TweetService.swift in Sources */ = {isa = PBXBuildFile; fileRef = 5C83250F29DA85EC00A69E0A /* TweetService.swift */; };
		5C83251229DA8A8300A69E0A /* Tweet.swift in Sources */ = {isa = PBXBuildFile; fileRef = 5C83251129DA8A8300A69E0A /* Tweet.swift */; };
		5C83251429DA8FB200A69E0A /* TweetCell.swift in Sources */ = {isa = PBXBuildFile; fileRef = 5C83251329DA8FB200A69E0A /* TweetCell.swift */; };
		5C83251629DAB27F00A69E0A /* TweetViewModel.swift in Sources */ = {isa = PBXBuildFile; fileRef = 5C83251529DAB27F00A69E0A /* TweetViewModel.swift */; };
		5C83251829DAE0B700A69E0A /* ProfileController.swift in Sources */ = {isa = PBXBuildFile; fileRef = 5C83251729DAE0B700A69E0A /* ProfileController.swift */; };
		5C83251A29DAEA8500A69E0A /* ProfileHeader.swift in Sources */ = {isa = PBXBuildFile; fileRef = 5C83251929DAEA8500A69E0A /* ProfileHeader.swift */; };
		5C83251C29DBCEEA00A69E0A /* ProfileFilterView.swift in Sources */ = {isa = PBXBuildFile; fileRef = 5C83251B29DBCEEA00A69E0A /* ProfileFilterView.swift */; };
		5C977E8029E423D30012D732 /* UserCell.swift in Sources */ = {isa = PBXBuildFile; fileRef = 5C977E7F29E423D30012D732 /* UserCell.swift */; };
		5C977E8229E445A50012D732 /* TweetController.swift in Sources */ = {isa = PBXBuildFile; fileRef = 5C977E8129E445A50012D732 /* TweetController.swift */; };
		5C977E8429E447380012D732 /* TweetHeader.swift in Sources */ = {isa = PBXBuildFile; fileRef = 5C977E8329E447380012D732 /* TweetHeader.swift */; };
		5C9C84A429D544B80036691E /* UserService.swift in Sources */ = {isa = PBXBuildFile; fileRef = 5C9C84A329D544B80036691E /* UserService.swift */; };
		5C9C84A629D54E110036691E /* User.swift in Sources */ = {isa = PBXBuildFile; fileRef = 5C9C84A529D54E110036691E /* User.swift */; };
		5C9C84A929D5633B0036691E /* SDWebImage in Frameworks */ = {isa = PBXBuildFile; productRef = 5C9C84A829D5633B0036691E /* SDWebImage */; };
		5C9C84AB29D5633B0036691E /* SDWebImageMapKit in Frameworks */ = {isa = PBXBuildFile; productRef = 5C9C84AA29D5633B0036691E /* SDWebImageMapKit */; };
		5CAE46C829D9F60F00F423B5 /* CaptionTextView.swift in Sources */ = {isa = PBXBuildFile; fileRef = 5CAE46C729D9F60F00F423B5 /* CaptionTextView.swift */; };
		5CBDFF7A29CD8F6F00FB262B /* Extensions.swift in Sources */ = {isa = PBXBuildFile; fileRef = 5CBDFF7929CD8F6F00FB262B /* Extensions.swift */; };
		5CBDFF7F29CDBF0E00FB262B /* LoginController.swift in Sources */ = {isa = PBXBuildFile; fileRef = 5CBDFF7E29CDBF0E00FB262B /* LoginController.swift */; };
		5CBDFF8129CDBF9000FB262B /* RegistrationController.swift in Sources */ = {isa = PBXBuildFile; fileRef = 5CBDFF8029CDBF9000FB262B /* RegistrationController.swift */; };
		5CC5F11029E51F0600E63D4B /* UploadTweetViewModel.swift in Sources */ = {isa = PBXBuildFile; fileRef = 5CC5F10F29E51F0600E63D4B /* UploadTweetViewModel.swift */; };
		5CC5F11229E52ABE00E63D4B /* ActionSheetLauncher.swift in Sources */ = {isa = PBXBuildFile; fileRef = 5CC5F11129E52ABE00E63D4B /* ActionSheetLauncher.swift */; };
		5CC5F11429E54E6600E63D4B /* ActionSheetCell.swift in Sources */ = {isa = PBXBuildFile; fileRef = 5CC5F11329E54E6600E63D4B /* ActionSheetCell.swift */; };
		5CC5F11629E5513400E63D4B /* ActionSheetViewModel.swift in Sources */ = {isa = PBXBuildFile; fileRef = 5CC5F11529E5513400E63D4B /* ActionSheetViewModel.swift */; };
		5CCA530229E57DD80072FC9D /* Notification.swift in Sources */ = {isa = PBXBuildFile; fileRef = 5CCA530129E57DD80072FC9D /* Notification.swift */; };
		5CCA530429E580820072FC9D /* NotificationService.swift in Sources */ = {isa = PBXBuildFile; fileRef = 5CCA530329E580820072FC9D /* NotificationService.swift */; };
		5CCA530629E58BB80072FC9D /* NotificationCell.swift in Sources */ = {isa = PBXBuildFile; fileRef = 5CCA530529E58BB70072FC9D /* NotificationCell.swift */; };
		5CCA530829E596B20072FC9D /* NotificationViewModel.swift in Sources */ = {isa = PBXBuildFile; fileRef = 5CCA530729E596B20072FC9D /* NotificationViewModel.swift */; };
		5CCA530A29E6C0E00072FC9D /* EditProfileController.swift in Sources */ = {isa = PBXBuildFile; fileRef = 5CCA530929E6C0E00072FC9D /* EditProfileController.swift */; };
		5CF432D929CB148200D7CECE /* FeedController.swift in Sources */ = {isa = PBXBuildFile; fileRef = 5CF432D829CB148200D7CECE /* FeedController.swift */; };
		5CF432DB29CB14B000D7CECE /* ExploreController.swift in Sources */ = {isa = PBXBuildFile; fileRef = 5CF432DA29CB14B000D7CECE /* ExploreController.swift */; };
		5CF432E129CB14F900D7CECE /* NotificationsController.swift in Sources */ = {isa = PBXBuildFile; fileRef = 5CF432E029CB14F900D7CECE /* NotificationsController.swift */; };
		5CF432E329CB151900D7CECE /* ConversationsController.swift in Sources */ = {isa = PBXBuildFile; fileRef = 5CF432E229CB151900D7CECE /* ConversationsController.swift */; };
		5CF70FDA29D17DBF00728C0D /* GoogleService-Info.plist in Resources */ = {isa = PBXBuildFile; fileRef = 5CF70FD929D17DBF00728C0D /* GoogleService-Info.plist */; };
		5CF70FDD29D17F7500728C0D /* FirebaseAnalytics in Frameworks */ = {isa = PBXBuildFile; productRef = 5CF70FDC29D17F7500728C0D /* FirebaseAnalytics */; };
		5CF70FDF29D17F7500728C0D /* FirebaseAnalyticsOnDeviceConversion in Frameworks */ = {isa = PBXBuildFile; productRef = 5CF70FDE29D17F7500728C0D /* FirebaseAnalyticsOnDeviceConversion */; };
		5CF70FE129D17F7500728C0D /* FirebaseAnalyticsSwift in Frameworks */ = {isa = PBXBuildFile; productRef = 5CF70FE029D17F7500728C0D /* FirebaseAnalyticsSwift */; };
		5CF70FE329D17F7500728C0D /* FirebaseAnalyticsWithoutAdIdSupport in Frameworks */ = {isa = PBXBuildFile; productRef = 5CF70FE229D17F7500728C0D /* FirebaseAnalyticsWithoutAdIdSupport */; };
		5CF70FE529D17F7500728C0D /* FirebaseAppCheck in Frameworks */ = {isa = PBXBuildFile; productRef = 5CF70FE429D17F7500728C0D /* FirebaseAppCheck */; };
		5CF70FE729D17F7500728C0D /* FirebaseAppDistribution-Beta in Frameworks */ = {isa = PBXBuildFile; productRef = 5CF70FE629D17F7500728C0D /* FirebaseAppDistribution-Beta */; };
		5CF70FE929D17F7500728C0D /* FirebaseAuth in Frameworks */ = {isa = PBXBuildFile; productRef = 5CF70FE829D17F7500728C0D /* FirebaseAuth */; };
		5CF70FEB29D17F7500728C0D /* FirebaseAuthCombine-Community in Frameworks */ = {isa = PBXBuildFile; productRef = 5CF70FEA29D17F7500728C0D /* FirebaseAuthCombine-Community */; };
		5CF70FED29D17F7500728C0D /* FirebaseCrashlytics in Frameworks */ = {isa = PBXBuildFile; productRef = 5CF70FEC29D17F7500728C0D /* FirebaseCrashlytics */; };
		5CF70FEF29D17F7500728C0D /* FirebaseDatabase in Frameworks */ = {isa = PBXBuildFile; productRef = 5CF70FEE29D17F7500728C0D /* FirebaseDatabase */; };
		5CF70FF129D17F7500728C0D /* FirebaseDatabaseSwift in Frameworks */ = {isa = PBXBuildFile; productRef = 5CF70FF029D17F7500728C0D /* FirebaseDatabaseSwift */; };
		5CF70FF329D17F7500728C0D /* FirebaseDynamicLinks in Frameworks */ = {isa = PBXBuildFile; productRef = 5CF70FF229D17F7500728C0D /* FirebaseDynamicLinks */; };
		5CF70FF529D17F7500728C0D /* FirebaseFirestore in Frameworks */ = {isa = PBXBuildFile; productRef = 5CF70FF429D17F7500728C0D /* FirebaseFirestore */; };
		5CF70FF729D17F7500728C0D /* FirebaseFirestoreCombine-Community in Frameworks */ = {isa = PBXBuildFile; productRef = 5CF70FF629D17F7500728C0D /* FirebaseFirestoreCombine-Community */; };
		5CF70FF929D17F7500728C0D /* FirebaseFirestoreSwift in Frameworks */ = {isa = PBXBuildFile; productRef = 5CF70FF829D17F7500728C0D /* FirebaseFirestoreSwift */; };
		5CF70FFB29D17F7500728C0D /* FirebaseFunctions in Frameworks */ = {isa = PBXBuildFile; productRef = 5CF70FFA29D17F7500728C0D /* FirebaseFunctions */; };
		5CF70FFD29D17F7500728C0D /* FirebaseFunctionsCombine-Community in Frameworks */ = {isa = PBXBuildFile; productRef = 5CF70FFC29D17F7500728C0D /* FirebaseFunctionsCombine-Community */; };
		5CF70FFF29D17F7500728C0D /* FirebaseInAppMessaging-Beta in Frameworks */ = {isa = PBXBuildFile; productRef = 5CF70FFE29D17F7500728C0D /* FirebaseInAppMessaging-Beta */; };
		5CF7100129D17F7500728C0D /* FirebaseInAppMessagingSwift-Beta in Frameworks */ = {isa = PBXBuildFile; productRef = 5CF7100029D17F7500728C0D /* FirebaseInAppMessagingSwift-Beta */; };
		5CF7100329D17F7500728C0D /* FirebaseInstallations in Frameworks */ = {isa = PBXBuildFile; productRef = 5CF7100229D17F7500728C0D /* FirebaseInstallations */; };
		5CF7100529D17F7500728C0D /* FirebaseMLModelDownloader in Frameworks */ = {isa = PBXBuildFile; productRef = 5CF7100429D17F7500728C0D /* FirebaseMLModelDownloader */; };
		5CF7100729D17F7500728C0D /* FirebaseMessaging in Frameworks */ = {isa = PBXBuildFile; productRef = 5CF7100629D17F7500728C0D /* FirebaseMessaging */; };
		5CF7100929D17F7500728C0D /* FirebasePerformance in Frameworks */ = {isa = PBXBuildFile; productRef = 5CF7100829D17F7500728C0D /* FirebasePerformance */; };
		5CF7100B29D17F7500728C0D /* FirebaseRemoteConfig in Frameworks */ = {isa = PBXBuildFile; productRef = 5CF7100A29D17F7500728C0D /* FirebaseRemoteConfig */; };
		5CF7100D29D17F7500728C0D /* FirebaseRemoteConfigSwift in Frameworks */ = {isa = PBXBuildFile; productRef = 5CF7100C29D17F7500728C0D /* FirebaseRemoteConfigSwift */; };
		5CF7100F29D17F7500728C0D /* FirebaseStorage in Frameworks */ = {isa = PBXBuildFile; productRef = 5CF7100E29D17F7500728C0D /* FirebaseStorage */; };
		5CF7101129D17F7500728C0D /* FirebaseStorageCombine-Community in Frameworks */ = {isa = PBXBuildFile; productRef = 5CF7101029D17F7500728C0D /* FirebaseStorageCombine-Community */; };
/* End PBXBuildFile section */

/* Begin PBXFileReference section */
		5C2FAB9E29CF3E8900BCE64E /* Utilities.swift */ = {isa = PBXFileReference; lastKnownFileType = sourcecode.swift; path = Utilities.swift; sourceTree = "<group>"; };
		5C320A3A29CAD87900D1265C /* MainTabController.swift */ = {isa = PBXFileReference; lastKnownFileType = sourcecode.swift; path = MainTabController.swift; sourceTree = "<group>"; };
		5C389A2B29D866F400A9D617 /* UploadTweetController.swift */ = {isa = PBXFileReference; lastKnownFileType = sourcecode.swift; path = UploadTweetController.swift; sourceTree = "<group>"; };
		5C3BB55029D2C6150031EC59 /* Constants.swift */ = {isa = PBXFileReference; lastKnownFileType = sourcecode.swift; path = Constants.swift; sourceTree = "<group>"; };
		5C3BB55429D302B50031EC59 /* AuthService.swift */ = {isa = PBXFileReference; lastKnownFileType = sourcecode.swift; path = AuthService.swift; sourceTree = "<group>"; };
		5C40759629CAD5160095FFDB /* Twitter-Clone.app */ = {isa = PBXFileReference; explicitFileType = wrapper.application; includeInIndex = 0; path = "Twitter-Clone.app"; sourceTree = BUILT_PRODUCTS_DIR; };
		5C40759929CAD5160095FFDB /* AppDelegate.swift */ = {isa = PBXFileReference; lastKnownFileType = sourcecode.swift; path = AppDelegate.swift; sourceTree = "<group>"; };
		5C40759B29CAD5160095FFDB /* SceneDelegate.swift */ = {isa = PBXFileReference; lastKnownFileType = sourcecode.swift; path = SceneDelegate.swift; sourceTree = "<group>"; };
		5C4075A029CAD5160095FFDB /* Base */ = {isa = PBXFileReference; lastKnownFileType = file.storyboard; name = Base; path = Base.lproj/Main.storyboard; sourceTree = "<group>"; };
		5C4075A229CAD5170095FFDB /* Assets.xcassets */ = {isa = PBXFileReference; lastKnownFileType = folder.assetcatalog; path = Assets.xcassets; sourceTree = "<group>"; };
		5C4075A529CAD5170095FFDB /* Base */ = {isa = PBXFileReference; lastKnownFileType = file.storyboard; name = Base; path = Base.lproj/LaunchScreen.storyboard; sourceTree = "<group>"; };
		5C4075A729CAD5170095FFDB /* Info.plist */ = {isa = PBXFileReference; lastKnownFileType = text.plist.xml; path = Info.plist; sourceTree = "<group>"; };
		5C7C5A7E29DBD16F003A3E1C /* ProfileFilterCell.swift */ = {isa = PBXFileReference; lastKnownFileType = sourcecode.swift; path = ProfileFilterCell.swift; sourceTree = "<group>"; };
		5C7C5A8029DBF28E003A3E1C /* ProfileHeaderViewModel.swift */ = {isa = PBXFileReference; lastKnownFileType = sourcecode.swift; path = ProfileHeaderViewModel.swift; sourceTree = "<group>"; };
		5C83250F29DA85EC00A69E0A /* TweetService.swift */ = {isa = PBXFileReference; lastKnownFileType = sourcecode.swift; path = TweetService.swift; sourceTree = "<group>"; };
		5C83251129DA8A8300A69E0A /* Tweet.swift */ = {isa = PBXFileReference; lastKnownFileType = sourcecode.swift; path = Tweet.swift; sourceTree = "<group>"; };
		5C83251329DA8FB200A69E0A /* TweetCell.swift */ = {isa = PBXFileReference; lastKnownFileType = sourcecode.swift; path = TweetCell.swift; sourceTree = "<group>"; };
		5C83251529DAB27F00A69E0A /* TweetViewModel.swift */ = {isa = PBXFileReference; lastKnownFileType = sourcecode.swift; path = TweetViewModel.swift; sourceTree = "<group>"; };
		5C83251729DAE0B700A69E0A /* ProfileController.swift */ = {isa = PBXFileReference; lastKnownFileType = sourcecode.swift; path = ProfileController.swift; sourceTree = "<group>"; };
		5C83251929DAEA8500A69E0A /* ProfileHeader.swift */ = {isa = PBXFileReference; lastKnownFileType = sourcecode.swift; path = ProfileHeader.swift; sourceTree = "<group>"; };
		5C83251B29DBCEEA00A69E0A /* ProfileFilterView.swift */ = {isa = PBXFileReference; lastKnownFileType = sourcecode.swift; path = ProfileFilterView.swift; sourceTree = "<group>"; };
		5C977E7F29E423D30012D732 /* UserCell.swift */ = {isa = PBXFileReference; lastKnownFileType = sourcecode.swift; path = UserCell.swift; sourceTree = "<group>"; };
		5C977E8129E445A50012D732 /* TweetController.swift */ = {isa = PBXFileReference; lastKnownFileType = sourcecode.swift; path = TweetController.swift; sourceTree = "<group>"; };
		5C977E8329E447380012D732 /* TweetHeader.swift */ = {isa = PBXFileReference; lastKnownFileType = sourcecode.swift; path = TweetHeader.swift; sourceTree = "<group>"; };
		5C9C84A329D544B80036691E /* UserService.swift */ = {isa = PBXFileReference; lastKnownFileType = sourcecode.swift; path = UserService.swift; sourceTree = "<group>"; };
		5C9C84A529D54E110036691E /* User.swift */ = {isa = PBXFileReference; lastKnownFileType = sourcecode.swift; path = User.swift; sourceTree = "<group>"; };
		5CAE46C729D9F60F00F423B5 /* CaptionTextView.swift */ = {isa = PBXFileReference; lastKnownFileType = sourcecode.swift; path = CaptionTextView.swift; sourceTree = "<group>"; };
		5CBDFF7929CD8F6F00FB262B /* Extensions.swift */ = {isa = PBXFileReference; lastKnownFileType = sourcecode.swift; path = Extensions.swift; sourceTree = "<group>"; };
		5CBDFF7E29CDBF0E00FB262B /* LoginController.swift */ = {isa = PBXFileReference; lastKnownFileType = sourcecode.swift; path = LoginController.swift; sourceTree = "<group>"; };
		5CBDFF8029CDBF9000FB262B /* RegistrationController.swift */ = {isa = PBXFileReference; lastKnownFileType = sourcecode.swift; path = RegistrationController.swift; sourceTree = "<group>"; };
		5CC5F10F29E51F0600E63D4B /* UploadTweetViewModel.swift */ = {isa = PBXFileReference; lastKnownFileType = sourcecode.swift; path = UploadTweetViewModel.swift; sourceTree = "<group>"; };
		5CC5F11129E52ABE00E63D4B /* ActionSheetLauncher.swift */ = {isa = PBXFileReference; lastKnownFileType = sourcecode.swift; path = ActionSheetLauncher.swift; sourceTree = "<group>"; };
		5CC5F11329E54E6600E63D4B /* ActionSheetCell.swift */ = {isa = PBXFileReference; lastKnownFileType = sourcecode.swift; path = ActionSheetCell.swift; sourceTree = "<group>"; };
		5CC5F11529E5513400E63D4B /* ActionSheetViewModel.swift */ = {isa = PBXFileReference; lastKnownFileType = sourcecode.swift; path = ActionSheetViewModel.swift; sourceTree = "<group>"; };
		5CCA530129E57DD80072FC9D /* Notification.swift */ = {isa = PBXFileReference; lastKnownFileType = sourcecode.swift; path = Notification.swift; sourceTree = "<group>"; };
		5CCA530329E580820072FC9D /* NotificationService.swift */ = {isa = PBXFileReference; lastKnownFileType = sourcecode.swift; path = NotificationService.swift; sourceTree = "<group>"; };
		5CCA530529E58BB70072FC9D /* NotificationCell.swift */ = {isa = PBXFileReference; lastKnownFileType = sourcecode.swift; path = NotificationCell.swift; sourceTree = "<group>"; };
		5CCA530729E596B20072FC9D /* NotificationViewModel.swift */ = {isa = PBXFileReference; lastKnownFileType = sourcecode.swift; path = NotificationViewModel.swift; sourceTree = "<group>"; };
		5CCA530929E6C0E00072FC9D /* EditProfileController.swift */ = {isa = PBXFileReference; lastKnownFileType = sourcecode.swift; path = EditProfileController.swift; sourceTree = "<group>"; };
		5CF432D829CB148200D7CECE /* FeedController.swift */ = {isa = PBXFileReference; lastKnownFileType = sourcecode.swift; path = FeedController.swift; sourceTree = "<group>"; };
		5CF432DA29CB14B000D7CECE /* ExploreController.swift */ = {isa = PBXFileReference; lastKnownFileType = sourcecode.swift; path = ExploreController.swift; sourceTree = "<group>"; };
		5CF432E029CB14F900D7CECE /* NotificationsController.swift */ = {isa = PBXFileReference; lastKnownFileType = sourcecode.swift; path = NotificationsController.swift; sourceTree = "<group>"; };
		5CF432E229CB151900D7CECE /* ConversationsController.swift */ = {isa = PBXFileReference; lastKnownFileType = sourcecode.swift; path = ConversationsController.swift; sourceTree = "<group>"; };
		5CF70FD929D17DBF00728C0D /* GoogleService-Info.plist */ = {isa = PBXFileReference; lastKnownFileType = text.plist; path = "GoogleService-Info.plist"; sourceTree = SOURCE_ROOT; };
/* End PBXFileReference section */

/* Begin PBXFrameworksBuildPhase section */
		5C40759329CAD5160095FFDB /* Frameworks */ = {
			isa = PBXFrameworksBuildPhase;
			buildActionMask = 2147483647;
			files = (
				5C9C84AB29D5633B0036691E /* SDWebImageMapKit in Frameworks */,
				5CF70FEF29D17F7500728C0D /* FirebaseDatabase in Frameworks */,
				5CF70FFD29D17F7500728C0D /* FirebaseFunctionsCombine-Community in Frameworks */,
				5CF70FF529D17F7500728C0D /* FirebaseFirestore in Frameworks */,
				5CF70FE129D17F7500728C0D /* FirebaseAnalyticsSwift in Frameworks */,
				5CF70FDD29D17F7500728C0D /* FirebaseAnalytics in Frameworks */,
				5CF70FDF29D17F7500728C0D /* FirebaseAnalyticsOnDeviceConversion in Frameworks */,
				5CF7100529D17F7500728C0D /* FirebaseMLModelDownloader in Frameworks */,
				5CF70FF929D17F7500728C0D /* FirebaseFirestoreSwift in Frameworks */,
				5CF70FE529D17F7500728C0D /* FirebaseAppCheck in Frameworks */,
				5CF70FE329D17F7500728C0D /* FirebaseAnalyticsWithoutAdIdSupport in Frameworks */,
				5C9C84A929D5633B0036691E /* SDWebImage in Frameworks */,
				5CF70FE929D17F7500728C0D /* FirebaseAuth in Frameworks */,
				5CF70FED29D17F7500728C0D /* FirebaseCrashlytics in Frameworks */,
				5CF7100D29D17F7500728C0D /* FirebaseRemoteConfigSwift in Frameworks */,
				5CF70FFF29D17F7500728C0D /* FirebaseInAppMessaging-Beta in Frameworks */,
				5CF70FF129D17F7500728C0D /* FirebaseDatabaseSwift in Frameworks */,
				5CF70FFB29D17F7500728C0D /* FirebaseFunctions in Frameworks */,
				5CF7101129D17F7500728C0D /* FirebaseStorageCombine-Community in Frameworks */,
				5CF7100B29D17F7500728C0D /* FirebaseRemoteConfig in Frameworks */,
				5CF70FE729D17F7500728C0D /* FirebaseAppDistribution-Beta in Frameworks */,
				5CF70FEB29D17F7500728C0D /* FirebaseAuthCombine-Community in Frameworks */,
				5CF7100929D17F7500728C0D /* FirebasePerformance in Frameworks */,
				5CF7100129D17F7500728C0D /* FirebaseInAppMessagingSwift-Beta in Frameworks */,
				5CF7100F29D17F7500728C0D /* FirebaseStorage in Frameworks */,
				5CF70FF329D17F7500728C0D /* FirebaseDynamicLinks in Frameworks */,
				5CF70FF729D17F7500728C0D /* FirebaseFirestoreCombine-Community in Frameworks */,
				5CF7100729D17F7500728C0D /* FirebaseMessaging in Frameworks */,
				5CF7100329D17F7500728C0D /* FirebaseInstallations in Frameworks */,
			);
			runOnlyForDeploymentPostprocessing = 0;
		};
/* End PBXFrameworksBuildPhase section */

/* Begin PBXGroup section */
		5C40758D29CAD5160095FFDB = {
			isa = PBXGroup;
			children = (
				5C40759829CAD5160095FFDB /* Twitter-Clone */,
				5C40759729CAD5160095FFDB /* Products */,
			);
			sourceTree = "<group>";
		};
		5C40759729CAD5160095FFDB /* Products */ = {
			isa = PBXGroup;
			children = (
				5C40759629CAD5160095FFDB /* Twitter-Clone.app */,
			);
			name = Products;
			sourceTree = "<group>";
		};
		5C40759829CAD5160095FFDB /* Twitter-Clone */ = {
			isa = PBXGroup;
			children = (
				5C4075B429CAD5C20095FFDB /* Model */,
				5C4075B229CAD5B30095FFDB /* View */,
				5C4075B129CAD5AB0095FFDB /* ViewModel */,
				5C4075B029CAD5A90095FFDB /* Controller */,
				5C4075AE29CAD5A10095FFDB /* API */,
				5C4075AD29CAD56C0095FFDB /* Utils */,
				5C40759929CAD5160095FFDB /* AppDelegate.swift */,
				5C40759B29CAD5160095FFDB /* SceneDelegate.swift */,
				5C4075A229CAD5170095FFDB /* Assets.xcassets */,
				5C40759F29CAD5160095FFDB /* Main.storyboard */,
				5C4075A429CAD5170095FFDB /* LaunchScreen.storyboard */,
				5CF70FD929D17DBF00728C0D /* GoogleService-Info.plist */,
				5C4075A729CAD5170095FFDB /* Info.plist */,
			);
			path = "Twitter-Clone";
			sourceTree = "<group>";
		};
		5C4075AD29CAD56C0095FFDB /* Utils */ = {
			isa = PBXGroup;
			children = (
				5CBDFF7929CD8F6F00FB262B /* Extensions.swift */,
				5C2FAB9E29CF3E8900BCE64E /* Utilities.swift */,
				5C3BB55029D2C6150031EC59 /* Constants.swift */,
				5CC5F11129E52ABE00E63D4B /* ActionSheetLauncher.swift */,
			);
			path = Utils;
			sourceTree = "<group>";
		};
		5C4075AE29CAD5A10095FFDB /* API */ = {
			isa = PBXGroup;
			children = (
				5C3BB55429D302B50031EC59 /* AuthService.swift */,
				5C9C84A329D544B80036691E /* UserService.swift */,
				5C83250F29DA85EC00A69E0A /* TweetService.swift */,
				5CCA530329E580820072FC9D /* NotificationService.swift */,
			);
			path = API;
			sourceTree = "<group>";
		};
		5C4075B029CAD5A90095FFDB /* Controller */ = {
			isa = PBXGroup;
			children = (
				5CBDFF7D29CDBEFE00FB262B /* Authentication */,
				5C320A3A29CAD87900D1265C /* MainTabController.swift */,
				5CF432D829CB148200D7CECE /* FeedController.swift */,
				5CF432DA29CB14B000D7CECE /* ExploreController.swift */,
				5CF432E029CB14F900D7CECE /* NotificationsController.swift */,
				5CF432E229CB151900D7CECE /* ConversationsController.swift */,
				5C389A2B29D866F400A9D617 /* UploadTweetController.swift */,
				5C83251729DAE0B700A69E0A /* ProfileController.swift */,
				5C977E8129E445A50012D732 /* TweetController.swift */,
				5CCA530929E6C0E00072FC9D /* EditProfileController.swift */,
			);
			path = Controller;
			sourceTree = "<group>";
		};
		5C4075B129CAD5AB0095FFDB /* ViewModel */ = {
			isa = PBXGroup;
			children = (
				5C83251529DAB27F00A69E0A /* TweetViewModel.swift */,
				5C7C5A8029DBF28E003A3E1C /* ProfileHeaderViewModel.swift */,
				5CC5F10F29E51F0600E63D4B /* UploadTweetViewModel.swift */,
				5CC5F11529E5513400E63D4B /* ActionSheetViewModel.swift */,
				5CCA530729E596B20072FC9D /* NotificationViewModel.swift */,
			);
			path = ViewModel;
			sourceTree = "<group>";
		};
		5C4075B229CAD5B30095FFDB /* View */ = {
			isa = PBXGroup;
			children = (
				5CAE46C729D9F60F00F423B5 /* CaptionTextView.swift */,
				5C83251329DA8FB200A69E0A /* TweetCell.swift */,
				5C83251929DAEA8500A69E0A /* ProfileHeader.swift */,
				5C83251B29DBCEEA00A69E0A /* ProfileFilterView.swift */,
				5C7C5A7E29DBD16F003A3E1C /* ProfileFilterCell.swift */,
				5C977E7F29E423D30012D732 /* UserCell.swift */,
				5C977E8329E447380012D732 /* TweetHeader.swift */,
				5CC5F11329E54E6600E63D4B /* ActionSheetCell.swift */,
				5CCA530529E58BB70072FC9D /* NotificationCell.swift */,
			);
			path = View;
			sourceTree = "<group>";
		};
		5C4075B429CAD5C20095FFDB /* Model */ = {
			isa = PBXGroup;
			children = (
				5C9C84A529D54E110036691E /* User.swift */,
				5C83251129DA8A8300A69E0A /* Tweet.swift */,
				5CCA530129E57DD80072FC9D /* Notification.swift */,
			);
			path = Model;
			sourceTree = "<group>";
		};
		5CBDFF7D29CDBEFE00FB262B /* Authentication */ = {
			isa = PBXGroup;
			children = (
				5CBDFF7E29CDBF0E00FB262B /* LoginController.swift */,
				5CBDFF8029CDBF9000FB262B /* RegistrationController.swift */,
			);
			path = Authentication;
			sourceTree = "<group>";
		};
/* End PBXGroup section */

/* Begin PBXNativeTarget section */
		5C40759529CAD5160095FFDB /* Twitter-Clone */ = {
			isa = PBXNativeTarget;
			buildConfigurationList = 5C4075AA29CAD5170095FFDB /* Build configuration list for PBXNativeTarget "Twitter-Clone" */;
			buildPhases = (
				5C40759229CAD5160095FFDB /* Sources */,
				5C40759329CAD5160095FFDB /* Frameworks */,
				5C40759429CAD5160095FFDB /* Resources */,
			);
			buildRules = (
			);
			dependencies = (
			);
			name = "Twitter-Clone";
			packageProductDependencies = (
				5CF70FDC29D17F7500728C0D /* FirebaseAnalytics */,
				5CF70FDE29D17F7500728C0D /* FirebaseAnalyticsOnDeviceConversion */,
				5CF70FE029D17F7500728C0D /* FirebaseAnalyticsSwift */,
				5CF70FE229D17F7500728C0D /* FirebaseAnalyticsWithoutAdIdSupport */,
				5CF70FE429D17F7500728C0D /* FirebaseAppCheck */,
				5CF70FE629D17F7500728C0D /* FirebaseAppDistribution-Beta */,
				5CF70FE829D17F7500728C0D /* FirebaseAuth */,
				5CF70FEA29D17F7500728C0D /* FirebaseAuthCombine-Community */,
				5CF70FEC29D17F7500728C0D /* FirebaseCrashlytics */,
				5CF70FEE29D17F7500728C0D /* FirebaseDatabase */,
				5CF70FF029D17F7500728C0D /* FirebaseDatabaseSwift */,
				5CF70FF229D17F7500728C0D /* FirebaseDynamicLinks */,
				5CF70FF429D17F7500728C0D /* FirebaseFirestore */,
				5CF70FF629D17F7500728C0D /* FirebaseFirestoreCombine-Community */,
				5CF70FF829D17F7500728C0D /* FirebaseFirestoreSwift */,
				5CF70FFA29D17F7500728C0D /* FirebaseFunctions */,
				5CF70FFC29D17F7500728C0D /* FirebaseFunctionsCombine-Community */,
				5CF70FFE29D17F7500728C0D /* FirebaseInAppMessaging-Beta */,
				5CF7100029D17F7500728C0D /* FirebaseInAppMessagingSwift-Beta */,
				5CF7100229D17F7500728C0D /* FirebaseInstallations */,
				5CF7100429D17F7500728C0D /* FirebaseMLModelDownloader */,
				5CF7100629D17F7500728C0D /* FirebaseMessaging */,
				5CF7100829D17F7500728C0D /* FirebasePerformance */,
				5CF7100A29D17F7500728C0D /* FirebaseRemoteConfig */,
				5CF7100C29D17F7500728C0D /* FirebaseRemoteConfigSwift */,
				5CF7100E29D17F7500728C0D /* FirebaseStorage */,
				5CF7101029D17F7500728C0D /* FirebaseStorageCombine-Community */,
				5C9C84A829D5633B0036691E /* SDWebImage */,
				5C9C84AA29D5633B0036691E /* SDWebImageMapKit */,
			);
			productName = "Twitter-Clone";
			productReference = 5C40759629CAD5160095FFDB /* Twitter-Clone.app */;
			productType = "com.apple.product-type.application";
		};
/* End PBXNativeTarget section */

/* Begin PBXProject section */
		5C40758E29CAD5160095FFDB /* Project object */ = {
			isa = PBXProject;
			attributes = {
				BuildIndependentTargetsInParallel = 1;
				LastSwiftUpdateCheck = 1420;
				LastUpgradeCheck = 1420;
				TargetAttributes = {
					5C40759529CAD5160095FFDB = {
						CreatedOnToolsVersion = 14.2;
					};
				};
			};
			buildConfigurationList = 5C40759129CAD5160095FFDB /* Build configuration list for PBXProject "Twitter-Clone" */;
			compatibilityVersion = "Xcode 14.0";
			developmentRegion = en;
			hasScannedForEncodings = 0;
			knownRegions = (
				en,
				Base,
			);
			mainGroup = 5C40758D29CAD5160095FFDB;
			packageReferences = (
				5CF70FDB29D17F7500728C0D /* XCRemoteSwiftPackageReference "firebase-ios-sdk" */,
				5C9C84A729D5633B0036691E /* XCRemoteSwiftPackageReference "SDWebImage" */,
			);
			productRefGroup = 5C40759729CAD5160095FFDB /* Products */;
			projectDirPath = "";
			projectRoot = "";
			targets = (
				5C40759529CAD5160095FFDB /* Twitter-Clone */,
			);
		};
/* End PBXProject section */

/* Begin PBXResourcesBuildPhase section */
		5C40759429CAD5160095FFDB /* Resources */ = {
			isa = PBXResourcesBuildPhase;
			buildActionMask = 2147483647;
			files = (
				5C4075A629CAD5170095FFDB /* LaunchScreen.storyboard in Resources */,
				5CF70FDA29D17DBF00728C0D /* GoogleService-Info.plist in Resources */,
				5C4075A329CAD5170095FFDB /* Assets.xcassets in Resources */,
				5C4075A129CAD5160095FFDB /* Main.storyboard in Resources */,
			);
			runOnlyForDeploymentPostprocessing = 0;
		};
/* End PBXResourcesBuildPhase section */

/* Begin PBXSourcesBuildPhase section */
		5C40759229CAD5160095FFDB /* Sources */ = {
			isa = PBXSourcesBuildPhase;
			buildActionMask = 2147483647;
			files = (
				5C9C84A429D544B80036691E /* UserService.swift in Sources */,
				5C40759A29CAD5160095FFDB /* AppDelegate.swift in Sources */,
				5CAE46C829D9F60F00F423B5 /* CaptionTextView.swift in Sources */,
				5C7C5A7F29DBD16F003A3E1C /* ProfileFilterCell.swift in Sources */,
				5CF432E329CB151900D7CECE /* ConversationsController.swift in Sources */,
				5C977E8029E423D30012D732 /* UserCell.swift in Sources */,
				5C2FAB9F29CF3E8900BCE64E /* Utilities.swift in Sources */,
				5CCA530A29E6C0E00072FC9D /* EditProfileController.swift in Sources */,
				5CC5F11429E54E6600E63D4B /* ActionSheetCell.swift in Sources */,
				5CF432DB29CB14B000D7CECE /* ExploreController.swift in Sources */,
				5CCA530829E596B20072FC9D /* NotificationViewModel.swift in Sources */,
				5C3BB55129D2C6150031EC59 /* Constants.swift in Sources */,
				5C977E8229E445A50012D732 /* TweetController.swift in Sources */,
				5C83251829DAE0B700A69E0A /* ProfileController.swift in Sources */,
				5CC5F11029E51F0600E63D4B /* UploadTweetViewModel.swift in Sources */,
				5C83251A29DAEA8500A69E0A /* ProfileHeader.swift in Sources */,
				5C83251429DA8FB200A69E0A /* TweetCell.swift in Sources */,
				5CBDFF7A29CD8F6F00FB262B /* Extensions.swift in Sources */,
				5CCA530229E57DD80072FC9D /* Notification.swift in Sources */,
				5C3BB55529D302B50031EC59 /* AuthService.swift in Sources */,
				5C7C5A8129DBF28E003A3E1C /* ProfileHeaderViewModel.swift in Sources */,
				5C389A2C29D866F400A9D617 /* UploadTweetController.swift in Sources */,
				5C9C84A629D54E110036691E /* User.swift in Sources */,
				5C40759C29CAD5160095FFDB /* SceneDelegate.swift in Sources */,
				5C320A3B29CAD87900D1265C /* MainTabController.swift in Sources */,
				5CCA530429E580820072FC9D /* NotificationService.swift in Sources */,
				5CF432E129CB14F900D7CECE /* NotificationsController.swift in Sources */,
				5C977E8429E447380012D732 /* TweetHeader.swift in Sources */,
				5C83251629DAB27F00A69E0A /* TweetViewModel.swift in Sources */,
				5CC5F11629E5513400E63D4B /* ActionSheetViewModel.swift in Sources */,
				5CCA530629E58BB80072FC9D /* NotificationCell.swift in Sources */,
				5CBDFF7F29CDBF0E00FB262B /* LoginController.swift in Sources */,
				5CBDFF8129CDBF9000FB262B /* RegistrationController.swift in Sources */,
				5C83251C29DBCEEA00A69E0A /* ProfileFilterView.swift in Sources */,
				5CF432D929CB148200D7CECE /* FeedController.swift in Sources */,
				5CC5F11229E52ABE00E63D4B /* ActionSheetLauncher.swift in Sources */,
				5C83251229DA8A8300A69E0A /* Tweet.swift in Sources */,
				5C83251029DA85EC00A69E0A /* TweetService.swift in Sources */,
			);
			runOnlyForDeploymentPostprocessing = 0;
		};
/* End PBXSourcesBuildPhase section */

/* Begin PBXVariantGroup section */
		5C40759F29CAD5160095FFDB /* Main.storyboard */ = {
			isa = PBXVariantGroup;
			children = (
				5C4075A029CAD5160095FFDB /* Base */,
			);
			name = Main.storyboard;
			sourceTree = "<group>";
		};
		5C4075A429CAD5170095FFDB /* LaunchScreen.storyboard */ = {
			isa = PBXVariantGroup;
			children = (
				5C4075A529CAD5170095FFDB /* Base */,
			);
			name = LaunchScreen.storyboard;
			sourceTree = "<group>";
		};
/* End PBXVariantGroup section */

/* Begin XCBuildConfiguration section */
		5C4075A829CAD5170095FFDB /* Debug */ = {
			isa = XCBuildConfiguration;
			buildSettings = {
				ALWAYS_SEARCH_USER_PATHS = NO;
				CLANG_ANALYZER_NONNULL = YES;
				CLANG_ANALYZER_NUMBER_OBJECT_CONVERSION = YES_AGGRESSIVE;
				CLANG_CXX_LANGUAGE_STANDARD = "gnu++20";
				CLANG_ENABLE_MODULES = YES;
				CLANG_ENABLE_OBJC_ARC = YES;
				CLANG_ENABLE_OBJC_WEAK = YES;
				CLANG_WARN_BLOCK_CAPTURE_AUTORELEASING = YES;
				CLANG_WARN_BOOL_CONVERSION = YES;
				CLANG_WARN_COMMA = YES;
				CLANG_WARN_CONSTANT_CONVERSION = YES;
				CLANG_WARN_DEPRECATED_OBJC_IMPLEMENTATIONS = YES;
				CLANG_WARN_DIRECT_OBJC_ISA_USAGE = YES_ERROR;
				CLANG_WARN_DOCUMENTATION_COMMENTS = YES;
				CLANG_WARN_EMPTY_BODY = YES;
				CLANG_WARN_ENUM_CONVERSION = YES;
				CLANG_WARN_INFINITE_RECURSION = YES;
				CLANG_WARN_INT_CONVERSION = YES;
				CLANG_WARN_NON_LITERAL_NULL_CONVERSION = YES;
				CLANG_WARN_OBJC_IMPLICIT_RETAIN_SELF = YES;
				CLANG_WARN_OBJC_LITERAL_CONVERSION = YES;
				CLANG_WARN_OBJC_ROOT_CLASS = YES_ERROR;
				CLANG_WARN_QUOTED_INCLUDE_IN_FRAMEWORK_HEADER = YES;
				CLANG_WARN_RANGE_LOOP_ANALYSIS = YES;
				CLANG_WARN_STRICT_PROTOTYPES = YES;
				CLANG_WARN_SUSPICIOUS_MOVE = YES;
				CLANG_WARN_UNGUARDED_AVAILABILITY = YES_AGGRESSIVE;
				CLANG_WARN_UNREACHABLE_CODE = YES;
				CLANG_WARN__DUPLICATE_METHOD_MATCH = YES;
				COPY_PHASE_STRIP = NO;
				DEBUG_INFORMATION_FORMAT = dwarf;
				ENABLE_STRICT_OBJC_MSGSEND = YES;
				ENABLE_TESTABILITY = YES;
				GCC_C_LANGUAGE_STANDARD = gnu11;
				GCC_DYNAMIC_NO_PIC = NO;
				GCC_NO_COMMON_BLOCKS = YES;
				GCC_OPTIMIZATION_LEVEL = 0;
				GCC_PREPROCESSOR_DEFINITIONS = (
					"DEBUG=1",
					"$(inherited)",
				);
				GCC_WARN_64_TO_32_BIT_CONVERSION = YES;
				GCC_WARN_ABOUT_RETURN_TYPE = YES_ERROR;
				GCC_WARN_UNDECLARED_SELECTOR = YES;
				GCC_WARN_UNINITIALIZED_AUTOS = YES_AGGRESSIVE;
				GCC_WARN_UNUSED_FUNCTION = YES;
				GCC_WARN_UNUSED_VARIABLE = YES;
				IPHONEOS_DEPLOYMENT_TARGET = 16.2;
				MTL_ENABLE_DEBUG_INFO = INCLUDE_SOURCE;
				MTL_FAST_MATH = YES;
				ONLY_ACTIVE_ARCH = YES;
				SDKROOT = iphoneos;
				SWIFT_ACTIVE_COMPILATION_CONDITIONS = DEBUG;
				SWIFT_OPTIMIZATION_LEVEL = "-Onone";
			};
			name = Debug;
		};
		5C4075A929CAD5170095FFDB /* Release */ = {
			isa = XCBuildConfiguration;
			buildSettings = {
				ALWAYS_SEARCH_USER_PATHS = NO;
				CLANG_ANALYZER_NONNULL = YES;
				CLANG_ANALYZER_NUMBER_OBJECT_CONVERSION = YES_AGGRESSIVE;
				CLANG_CXX_LANGUAGE_STANDARD = "gnu++20";
				CLANG_ENABLE_MODULES = YES;
				CLANG_ENABLE_OBJC_ARC = YES;
				CLANG_ENABLE_OBJC_WEAK = YES;
				CLANG_WARN_BLOCK_CAPTURE_AUTORELEASING = YES;
				CLANG_WARN_BOOL_CONVERSION = YES;
				CLANG_WARN_COMMA = YES;
				CLANG_WARN_CONSTANT_CONVERSION = YES;
				CLANG_WARN_DEPRECATED_OBJC_IMPLEMENTATIONS = YES;
				CLANG_WARN_DIRECT_OBJC_ISA_USAGE = YES_ERROR;
				CLANG_WARN_DOCUMENTATION_COMMENTS = YES;
				CLANG_WARN_EMPTY_BODY = YES;
				CLANG_WARN_ENUM_CONVERSION = YES;
				CLANG_WARN_INFINITE_RECURSION = YES;
				CLANG_WARN_INT_CONVERSION = YES;
				CLANG_WARN_NON_LITERAL_NULL_CONVERSION = YES;
				CLANG_WARN_OBJC_IMPLICIT_RETAIN_SELF = YES;
				CLANG_WARN_OBJC_LITERAL_CONVERSION = YES;
				CLANG_WARN_OBJC_ROOT_CLASS = YES_ERROR;
				CLANG_WARN_QUOTED_INCLUDE_IN_FRAMEWORK_HEADER = YES;
				CLANG_WARN_RANGE_LOOP_ANALYSIS = YES;
				CLANG_WARN_STRICT_PROTOTYPES = YES;
				CLANG_WARN_SUSPICIOUS_MOVE = YES;
				CLANG_WARN_UNGUARDED_AVAILABILITY = YES_AGGRESSIVE;
				CLANG_WARN_UNREACHABLE_CODE = YES;
				CLANG_WARN__DUPLICATE_METHOD_MATCH = YES;
				COPY_PHASE_STRIP = NO;
				DEBUG_INFORMATION_FORMAT = "dwarf-with-dsym";
				ENABLE_NS_ASSERTIONS = NO;
				ENABLE_STRICT_OBJC_MSGSEND = YES;
				GCC_C_LANGUAGE_STANDARD = gnu11;
				GCC_NO_COMMON_BLOCKS = YES;
				GCC_WARN_64_TO_32_BIT_CONVERSION = YES;
				GCC_WARN_ABOUT_RETURN_TYPE = YES_ERROR;
				GCC_WARN_UNDECLARED_SELECTOR = YES;
				GCC_WARN_UNINITIALIZED_AUTOS = YES_AGGRESSIVE;
				GCC_WARN_UNUSED_FUNCTION = YES;
				GCC_WARN_UNUSED_VARIABLE = YES;
				IPHONEOS_DEPLOYMENT_TARGET = 16.2;
				MTL_ENABLE_DEBUG_INFO = NO;
				MTL_FAST_MATH = YES;
				SDKROOT = iphoneos;
				SWIFT_COMPILATION_MODE = wholemodule;
				SWIFT_OPTIMIZATION_LEVEL = "-O";
				VALIDATE_PRODUCT = YES;
			};
			name = Release;
		};
		5C4075AB29CAD5170095FFDB /* Debug */ = {
			isa = XCBuildConfiguration;
			buildSettings = {
				ASSETCATALOG_COMPILER_APPICON_NAME = AppIcon;
				ASSETCATALOG_COMPILER_GLOBAL_ACCENT_COLOR_NAME = AccentColor;
				CODE_SIGN_STYLE = Automatic;
				CURRENT_PROJECT_VERSION = 1;
				DEVELOPMENT_TEAM = RYZ3RA62XL;
				GENERATE_INFOPLIST_FILE = YES;
				INFOPLIST_FILE = "Twitter-Clone/Info.plist";
				INFOPLIST_KEY_UIApplicationSupportsIndirectInputEvents = YES;
				INFOPLIST_KEY_UILaunchStoryboardName = LaunchScreen;
				INFOPLIST_KEY_UIMainStoryboardFile = Main;
				INFOPLIST_KEY_UISupportedInterfaceOrientations = "UIInterfaceOrientationLandscapeLeft UIInterfaceOrientationLandscapeRight UIInterfaceOrientationPortrait";
				INFOPLIST_KEY_UISupportedInterfaceOrientations_iPad = "UIInterfaceOrientationLandscapeLeft UIInterfaceOrientationLandscapeRight UIInterfaceOrientationPortrait UIInterfaceOrientationPortraitUpsideDown";
				LD_RUNPATH_SEARCH_PATHS = (
					"$(inherited)",
					"@executable_path/Frameworks",
				);
				MARKETING_VERSION = 1.0;
				PRODUCT_BUNDLE_IDENTIFIER = "com.ROCKY.Twitter-Clone";
				PRODUCT_NAME = "$(TARGET_NAME)";
				SUPPORTED_PLATFORMS = "iphoneos iphonesimulator";
				SUPPORTS_MACCATALYST = NO;
				SUPPORTS_MAC_DESIGNED_FOR_IPHONE_IPAD = NO;
				SWIFT_EMIT_LOC_STRINGS = YES;
				SWIFT_VERSION = 5.0;
				TARGETED_DEVICE_FAMILY = 1;
			};
			name = Debug;
		};
		5C4075AC29CAD5170095FFDB /* Release */ = {
			isa = XCBuildConfiguration;
			buildSettings = {
				ASSETCATALOG_COMPILER_APPICON_NAME = AppIcon;
				ASSETCATALOG_COMPILER_GLOBAL_ACCENT_COLOR_NAME = AccentColor;
				CODE_SIGN_STYLE = Automatic;
				CURRENT_PROJECT_VERSION = 1;
				DEVELOPMENT_TEAM = RYZ3RA62XL;
				GENERATE_INFOPLIST_FILE = YES;
				INFOPLIST_FILE = "Twitter-Clone/Info.plist";
				INFOPLIST_KEY_UIApplicationSupportsIndirectInputEvents = YES;
				INFOPLIST_KEY_UILaunchStoryboardName = LaunchScreen;
				INFOPLIST_KEY_UIMainStoryboardFile = Main;
				INFOPLIST_KEY_UISupportedInterfaceOrientations = "UIInterfaceOrientationLandscapeLeft UIInterfaceOrientationLandscapeRight UIInterfaceOrientationPortrait";
				INFOPLIST_KEY_UISupportedInterfaceOrientations_iPad = "UIInterfaceOrientationLandscapeLeft UIInterfaceOrientationLandscapeRight UIInterfaceOrientationPortrait UIInterfaceOrientationPortraitUpsideDown";
				LD_RUNPATH_SEARCH_PATHS = (
					"$(inherited)",
					"@executable_path/Frameworks",
				);
				MARKETING_VERSION = 1.0;
				PRODUCT_BUNDLE_IDENTIFIER = "com.ROCKY.Twitter-Clone";
				PRODUCT_NAME = "$(TARGET_NAME)";
				SUPPORTED_PLATFORMS = "iphoneos iphonesimulator";
				SUPPORTS_MACCATALYST = NO;
				SUPPORTS_MAC_DESIGNED_FOR_IPHONE_IPAD = NO;
				SWIFT_EMIT_LOC_STRINGS = YES;
				SWIFT_VERSION = 5.0;
				TARGETED_DEVICE_FAMILY = 1;
			};
			name = Release;
		};
/* End XCBuildConfiguration section */

/* Begin XCConfigurationList section */
		5C40759129CAD5160095FFDB /* Build configuration list for PBXProject "Twitter-Clone" */ = {
			isa = XCConfigurationList;
			buildConfigurations = (
				5C4075A829CAD5170095FFDB /* Debug */,
				5C4075A929CAD5170095FFDB /* Release */,
			);
			defaultConfigurationIsVisible = 0;
			defaultConfigurationName = Release;
		};
		5C4075AA29CAD5170095FFDB /* Build configuration list for PBXNativeTarget "Twitter-Clone" */ = {
			isa = XCConfigurationList;
			buildConfigurations = (
				5C4075AB29CAD5170095FFDB /* Debug */,
				5C4075AC29CAD5170095FFDB /* Release */,
			);
			defaultConfigurationIsVisible = 0;
			defaultConfigurationName = Release;
		};
/* End XCConfigurationList section */

/* Begin XCRemoteSwiftPackageReference section */
		5C9C84A729D5633B0036691E /* XCRemoteSwiftPackageReference "SDWebImage" */ = {
			isa = XCRemoteSwiftPackageReference;
			repositoryURL = "https://github.com/SDWebImage/SDWebImage";
			requirement = {
				kind = exactVersion;
				version = 5.9.5;
			};
		};
		5CF70FDB29D17F7500728C0D /* XCRemoteSwiftPackageReference "firebase-ios-sdk" */ = {
			isa = XCRemoteSwiftPackageReference;
			repositoryURL = "https://github.com/firebase/firebase-ios-sdk";
			requirement = {
				kind = exactVersion;
				version = 9.6.0;
			};
		};
/* End XCRemoteSwiftPackageReference section */

/* Begin XCSwiftPackageProductDependency section */
		5C9C84A829D5633B0036691E /* SDWebImage */ = {
			isa = XCSwiftPackageProductDependency;
			package = 5C9C84A729D5633B0036691E /* XCRemoteSwiftPackageReference "SDWebImage" */;
			productName = SDWebImage;
		};
		5C9C84AA29D5633B0036691E /* SDWebImageMapKit */ = {
			isa = XCSwiftPackageProductDependency;
			package = 5C9C84A729D5633B0036691E /* XCRemoteSwiftPackageReference "SDWebImage" */;
			productName = SDWebImageMapKit;
		};
		5CF70FDC29D17F7500728C0D /* FirebaseAnalytics */ = {
			isa = XCSwiftPackageProductDependency;
			package = 5CF70FDB29D17F7500728C0D /* XCRemoteSwiftPackageReference "firebase-ios-sdk" */;
			productName = FirebaseAnalytics;
		};
		5CF70FDE29D17F7500728C0D /* FirebaseAnalyticsOnDeviceConversion */ = {
			isa = XCSwiftPackageProductDependency;
			package = 5CF70FDB29D17F7500728C0D /* XCRemoteSwiftPackageReference "firebase-ios-sdk" */;
			productName = FirebaseAnalyticsOnDeviceConversion;
		};
		5CF70FE029D17F7500728C0D /* FirebaseAnalyticsSwift */ = {
			isa = XCSwiftPackageProductDependency;
			package = 5CF70FDB29D17F7500728C0D /* XCRemoteSwiftPackageReference "firebase-ios-sdk" */;
			productName = FirebaseAnalyticsSwift;
		};
		5CF70FE229D17F7500728C0D /* FirebaseAnalyticsWithoutAdIdSupport */ = {
			isa = XCSwiftPackageProductDependency;
			package = 5CF70FDB29D17F7500728C0D /* XCRemoteSwiftPackageReference "firebase-ios-sdk" */;
			productName = FirebaseAnalyticsWithoutAdIdSupport;
		};
		5CF70FE429D17F7500728C0D /* FirebaseAppCheck */ = {
			isa = XCSwiftPackageProductDependency;
			package = 5CF70FDB29D17F7500728C0D /* XCRemoteSwiftPackageReference "firebase-ios-sdk" */;
			productName = FirebaseAppCheck;
		};
		5CF70FE629D17F7500728C0D /* FirebaseAppDistribution-Beta */ = {
			isa = XCSwiftPackageProductDependency;
			package = 5CF70FDB29D17F7500728C0D /* XCRemoteSwiftPackageReference "firebase-ios-sdk" */;
			productName = "FirebaseAppDistribution-Beta";
		};
		5CF70FE829D17F7500728C0D /* FirebaseAuth */ = {
			isa = XCSwiftPackageProductDependency;
			package = 5CF70FDB29D17F7500728C0D /* XCRemoteSwiftPackageReference "firebase-ios-sdk" */;
			productName = FirebaseAuth;
		};
		5CF70FEA29D17F7500728C0D /* FirebaseAuthCombine-Community */ = {
			isa = XCSwiftPackageProductDependency;
			package = 5CF70FDB29D17F7500728C0D /* XCRemoteSwiftPackageReference "firebase-ios-sdk" */;
			productName = "FirebaseAuthCombine-Community";
		};
		5CF70FEC29D17F7500728C0D /* FirebaseCrashlytics */ = {
			isa = XCSwiftPackageProductDependency;
			package = 5CF70FDB29D17F7500728C0D /* XCRemoteSwiftPackageReference "firebase-ios-sdk" */;
			productName = FirebaseCrashlytics;
		};
		5CF70FEE29D17F7500728C0D /* FirebaseDatabase */ = {
			isa = XCSwiftPackageProductDependency;
			package = 5CF70FDB29D17F7500728C0D /* XCRemoteSwiftPackageReference "firebase-ios-sdk" */;
			productName = FirebaseDatabase;
		};
		5CF70FF029D17F7500728C0D /* FirebaseDatabaseSwift */ = {
			isa = XCSwiftPackageProductDependency;
			package = 5CF70FDB29D17F7500728C0D /* XCRemoteSwiftPackageReference "firebase-ios-sdk" */;
			productName = FirebaseDatabaseSwift;
		};
		5CF70FF229D17F7500728C0D /* FirebaseDynamicLinks */ = {
			isa = XCSwiftPackageProductDependency;
			package = 5CF70FDB29D17F7500728C0D /* XCRemoteSwiftPackageReference "firebase-ios-sdk" */;
			productName = FirebaseDynamicLinks;
		};
		5CF70FF429D17F7500728C0D /* FirebaseFirestore */ = {
			isa = XCSwiftPackageProductDependency;
			package = 5CF70FDB29D17F7500728C0D /* XCRemoteSwiftPackageReference "firebase-ios-sdk" */;
			productName = FirebaseFirestore;
		};
		5CF70FF629D17F7500728C0D /* FirebaseFirestoreCombine-Community */ = {
			isa = XCSwiftPackageProductDependency;
			package = 5CF70FDB29D17F7500728C0D /* XCRemoteSwiftPackageReference "firebase-ios-sdk" */;
			productName = "FirebaseFirestoreCombine-Community";
		};
		5CF70FF829D17F7500728C0D /* FirebaseFirestoreSwift */ = {
			isa = XCSwiftPackageProductDependency;
			package = 5CF70FDB29D17F7500728C0D /* XCRemoteSwiftPackageReference "firebase-ios-sdk" */;
			productName = FirebaseFirestoreSwift;
		};
		5CF70FFA29D17F7500728C0D /* FirebaseFunctions */ = {
			isa = XCSwiftPackageProductDependency;
			package = 5CF70FDB29D17F7500728C0D /* XCRemoteSwiftPackageReference "firebase-ios-sdk" */;
			productName = FirebaseFunctions;
		};
		5CF70FFC29D17F7500728C0D /* FirebaseFunctionsCombine-Community */ = {
			isa = XCSwiftPackageProductDependency;
			package = 5CF70FDB29D17F7500728C0D /* XCRemoteSwiftPackageReference "firebase-ios-sdk" */;
			productName = "FirebaseFunctionsCombine-Community";
		};
		5CF70FFE29D17F7500728C0D /* FirebaseInAppMessaging-Beta */ = {
			isa = XCSwiftPackageProductDependency;
			package = 5CF70FDB29D17F7500728C0D /* XCRemoteSwiftPackageReference "firebase-ios-sdk" */;
			productName = "FirebaseInAppMessaging-Beta";
		};
		5CF7100029D17F7500728C0D /* FirebaseInAppMessagingSwift-Beta */ = {
			isa = XCSwiftPackageProductDependency;
			package = 5CF70FDB29D17F7500728C0D /* XCRemoteSwiftPackageReference "firebase-ios-sdk" */;
			productName = "FirebaseInAppMessagingSwift-Beta";
		};
		5CF7100229D17F7500728C0D /* FirebaseInstallations */ = {
			isa = XCSwiftPackageProductDependency;
			package = 5CF70FDB29D17F7500728C0D /* XCRemoteSwiftPackageReference "firebase-ios-sdk" */;
			productName = FirebaseInstallations;
		};
		5CF7100429D17F7500728C0D /* FirebaseMLModelDownloader */ = {
			isa = XCSwiftPackageProductDependency;
			package = 5CF70FDB29D17F7500728C0D /* XCRemoteSwiftPackageReference "firebase-ios-sdk" */;
			productName = FirebaseMLModelDownloader;
		};
		5CF7100629D17F7500728C0D /* FirebaseMessaging */ = {
			isa = XCSwiftPackageProductDependency;
			package = 5CF70FDB29D17F7500728C0D /* XCRemoteSwiftPackageReference "firebase-ios-sdk" */;
			productName = FirebaseMessaging;
		};
		5CF7100829D17F7500728C0D /* FirebasePerformance */ = {
			isa = XCSwiftPackageProductDependency;
			package = 5CF70FDB29D17F7500728C0D /* XCRemoteSwiftPackageReference "firebase-ios-sdk" */;
			productName = FirebasePerformance;
		};
		5CF7100A29D17F7500728C0D /* FirebaseRemoteConfig */ = {
			isa = XCSwiftPackageProductDependency;
			package = 5CF70FDB29D17F7500728C0D /* XCRemoteSwiftPackageReference "firebase-ios-sdk" */;
			productName = FirebaseRemoteConfig;
		};
		5CF7100C29D17F7500728C0D /* FirebaseRemoteConfigSwift */ = {
			isa = XCSwiftPackageProductDependency;
			package = 5CF70FDB29D17F7500728C0D /* XCRemoteSwiftPackageReference "firebase-ios-sdk" */;
			productName = FirebaseRemoteConfigSwift;
		};
		5CF7100E29D17F7500728C0D /* FirebaseStorage */ = {
			isa = XCSwiftPackageProductDependency;
			package = 5CF70FDB29D17F7500728C0D /* XCRemoteSwiftPackageReference "firebase-ios-sdk" */;
			productName = FirebaseStorage;
		};
		5CF7101029D17F7500728C0D /* FirebaseStorageCombine-Community */ = {
			isa = XCSwiftPackageProductDependency;
			package = 5CF70FDB29D17F7500728C0D /* XCRemoteSwiftPackageReference "firebase-ios-sdk" */;
			productName = "FirebaseStorageCombine-Community";
		};
/* End XCSwiftPackageProductDependency section */
	};
	rootObject = 5C40758E29CAD5160095FFDB /* Project object */;
}
